
Microsoft Visual Studio Solution File, Format Version 12.00
# Visual Studio Version 16
VisualStudioVersion = 16.0.29306.81
MinimumVisualStudioVersion = 10.0.40219.1
Project("{FAE04EC0-301F-11D3-BF4B-00C04F79EFBC}") = "TechnicalTest", "TechnicalTest\TechnicalTest.csproj", "{B9F957FA-C7EF-491E-B674-194EFE4B5A9E}"
EndProject
Project("{FAE04EC0-301F-11D3-BF4B-00C04F79EFBC}") = "TechnicalTest.Model", "TechnicalTest.Model\TechnicalTest.Model.csproj", "{D32FAB8A-EC0C-4219-9D97-9D9690AD4BFB}"
EndProject
Project("{FAE04EC0-301F-11D3-BF4B-00C04F79EFBC}") = "TechnicalTest.Repository", "TechnicalTest.Repository\TechnicalTest.Repository.csproj", "{DA93FEE2-8A22-4074-9B82-A14A0F350D48}"
EndProject
Project("{FAE04EC0-301F-11D3-BF4B-00C04F79EFBC}") = "TechnicalTest.Service", "TechnicalTest.Service\TechnicalTest.Service.csproj", "{67EA9215-7E6D-43DB-981F-E5D222777596}"
EndProject
Global
	GlobalSection(SolutionConfigurationPlatforms) = preSolution
		Debug|Any CPU = Debug|Any CPU
		Release|Any CPU = Release|Any CPU
	EndGlobalSection
	GlobalSection(ProjectConfigurationPlatforms) = postSolution
		{B9F957FA-C7EF-491E-B674-194EFE4B5A9E}.Debug|Any CPU.ActiveCfg = Debug|Any CPU
		{B9F957FA-C7EF-491E-B674-194EFE4B5A9E}.Debug|Any CPU.Build.0 = Debug|Any CPU
		{B9F957FA-C7EF-491E-B674-194EFE4B5A9E}.Release|Any CPU.ActiveCfg = Release|Any CPU
		{B9F957FA-C7EF-491E-B674-194EFE4B5A9E}.Release|Any CPU.Build.0 = Release|Any CPU
		{D32FAB8A-EC0C-4219-9D97-9D9690AD4BFB}.Debug|Any CPU.ActiveCfg = Debug|Any CPU
		{D32FAB8A-EC0C-4219-9D97-9D9690AD4BFB}.Debug|Any CPU.Build.0 = Debug|Any CPU
		{D32FAB8A-EC0C-4219-9D97-9D9690AD4BFB}.Release|Any CPU.ActiveCfg = Release|Any CPU
		{D32FAB8A-EC0C-4219-9D97-9D9690AD4BFB}.Release|Any CPU.Build.0 = Release|Any CPU
		{DA93FEE2-8A22-4074-9B82-A14A0F350D48}.Debug|Any CPU.ActiveCfg = Debug|Any CPU
		{DA93FEE2-8A22-4074-9B82-A14A0F350D48}.Debug|Any CPU.Build.0 = Debug|Any CPU
		{DA93FEE2-8A22-4074-9B82-A14A0F350D48}.Release|Any CPU.ActiveCfg = Release|Any CPU
		{DA93FEE2-8A22-4074-9B82-A14A0F350D48}.Release|Any CPU.Build.0 = Release|Any CPU
		{67EA9215-7E6D-43DB-981F-E5D222777596}.Debug|Any CPU.ActiveCfg = Debug|Any CPU
		{67EA9215-7E6D-43DB-981F-E5D222777596}.Debug|Any CPU.Build.0 = Debug|Any CPU
		{67EA9215-7E6D-43DB-981F-E5D222777596}.Release|Any CPU.ActiveCfg = Release|Any CPU
		{67EA9215-7E6D-43DB-981F-E5D222777596}.Release|Any CPU.Build.0 = Release|Any CPU
	EndGlobalSection
	GlobalSection(SolutionProperties) = preSolution
		HideSolutionNode = FALSE
	EndGlobalSection
	GlobalSection(ExtensibilityGlobals) = postSolution
		SolutionGuid = {86B73B11-AF13-4293-AFC9-60B73C7A0E3D}
	EndGlobalSection
EndGlobal
